// !$*UTF8*$!
{
	archiveVersion = 1;
	classes = {
	};
	objectVersion = 77;
	objects = {

/* Begin PBXContainerItemProxy section */
		35DAD4052E75B2AA00E14B6C /* PBXContainerItemProxy */ = {
			isa = PBXContainerItemProxy;
			containerPortal = 35DAD3EF2E75B2A900E14B6C /* Project object */;
			proxyType = 1;
			remoteGlobalIDString = 35DAD3F62E75B2A900E14B6C;
			remoteInfo = "Monopoly Tour";
		};
		35DAD40F2E75B2AA00E14B6C /* PBXContainerItemProxy */ = {
			isa = PBXContainerItemProxy;
			containerPortal = 35DAD3EF2E75B2A900E14B6C /* Project object */;
			proxyType = 1;
			remoteGlobalIDString = 35DAD3F62E75B2A900E14B6C;
			remoteInfo = "Monopoly Tour";
		};
/* End PBXContainerItemProxy section */

/* Begin PBXFileReference section */
		35DAD3F72E75B2A900E14B6C /* Monopoly Tour.app */ = {isa = PBXFileReference; explicitFileType = wrapper.application; includeInIndex = 0; path = "Monopoly Tour.app"; sourceTree = BUILT_PRODUCTS_DIR; };
		35DAD4042E75B2AA00E14B6C /* Monopoly TourTests.xctest */ = {isa = PBXFileReference; explicitFileType = wrapper.cfbundle; includeInIndex = 0; path = "Monopoly TourTests.xctest"; sourceTree = BUILT_PRODUCTS_DIR; };
		35DAD40E2E75B2AA00E14B6C /* Monopoly TourUITests.xctest */ = {isa = PBXFileReference; explicitFileType = wrapper.cfbundle; includeInIndex = 0; path = "Monopoly TourUITests.xctest"; sourceTree = BUILT_PRODUCTS_DIR; };
/* End PBXFileReference section */

/* Begin PBXFileSystemSynchronizedRootGroup section */
		35DAD3F92E75B2A900E14B6C /* Monopoly Tour */ = {
			isa = PBXFileSystemSynchronizedRootGroup;
			path = "Monopoly Tour";
			sourceTree = "<group>";
		};
		35DAD4072E75B2AA00E14B6C /* Monopoly TourTests */ = {
			isa = PBXFileSystemSynchronizedRootGroup;
			path = "Monopoly TourTests";
			sourceTree = "<group>";
		};
		35DAD4112E75B2AA00E14B6C /* Monopoly TourUITests */ = {
			isa = PBXFileSystemSynchronizedRootGroup;
			path = "Monopoly TourUITests";
			sourceTree = "<group>";
		};
/* End PBXFileSystemSynchronizedRootGroup section */

/* Begin PBXFrameworksBuildPhase section */
		35DAD3F42E75B2A900E14B6C /* Frameworks */ = {
			isa = PBXFrameworksBuildPhase;
			buildActionMask = 2147483647;
			files = (
			);
			runOnlyForDeploymentPostprocessing = 0;
		};
		35DAD4012E75B2AA00E14B6C /* Frameworks */ = {
			isa = PBXFrameworksBuildPhase;
			buildActionMask = 2147483647;
			files = (
			);
			runOnlyForDeploymentPostprocessing = 0;
		};
		35DAD40B2E75B2AA00E14B6C /* Frameworks */ = {
			isa = PBXFrameworksBuildPhase;
			buildActionMask = 2147483647;
			files = (
			);
			runOnlyForDeploymentPostprocessing = 0;
		};
/* End PBXFrameworksBuildPhase section */

/* Begin PBXGroup section */
		35DAD3EE2E75B2A800E14B6C = {
			isa = PBXGroup;
			children = (
				35DAD3F92E75B2A900E14B6C /* Monopoly Tour */,
				35DAD4072E75B2AA00E14B6C /* Monopoly TourTests */,
				35DAD4112E75B2AA00E14B6C /* Monopoly TourUITests */,
				35DAD3F82E75B2A900E14B6C /* Products */,
			);
			sourceTree = "<group>";
		};
		35DAD3F82E75B2A900E14B6C /* Products */ = {
			isa = PBXGroup;
			children = (
				35DAD3F72E75B2A900E14B6C /* Monopoly Tour.app */,
				35DAD4042E75B2AA00E14B6C /* Monopoly TourTests.xctest */,
				35DAD40E2E75B2AA00E14B6C /* Monopoly TourUITests.xctest */,
			);
			name = Products;
			sourceTree = "<group>";
		};
/* End PBXGroup section */

/* Begin PBXNativeTarget section */
		35DAD3F62E75B2A900E14B6C /* Monopoly Tour */ = {
			isa = PBXNativeTarget;
			buildConfigurationList = 35DAD4182E75B2AA00E14B6C /* Build configuration list for PBXNativeTarget "Monopoly Tour" */;
			buildPhases = (
				35DAD3F32E75B2A900E14B6C /* Sources */,
				35DAD3F42E75B2A900E14B6C /* Frameworks */,
				35DAD3F52E75B2A900E14B6C /* Resources */,
			);
			buildRules = (
			);
			dependencies = (
			);
			fileSystemSynchronizedGroups = (
				35DAD3F92E75B2A900E14B6C /* Monopoly Tour */,
			);
			name = "Monopoly Tour";
			packageProductDependencies = (
			);
			productName = "Monopoly Tour";
			productReference = 35DAD3F72E75B2A900E14B6C /* Monopoly Tour.app */;
			productType = "com.apple.product-type.application";
		};
		35DAD4032E75B2AA00E14B6C /* Monopoly TourTests */ = {
			isa = PBXNativeTarget;
			buildConfigurationList = 35DAD41B2E75B2AA00E14B6C /* Build configuration list for PBXNativeTarget "Monopoly TourTests" */;
			buildPhases = (
				35DAD4002E75B2AA00E14B6C /* Sources */,
				35DAD4012E75B2AA00E14B6C /* Frameworks */,
				35DAD4022E75B2AA00E14B6C /* Resources */,
			);
			buildRules = (
			);
			dependencies = (
				35DAD4062E75B2AA00E14B6C /* PBXTargetDependency */,
			);
			fileSystemSynchronizedGroups = (
				35DAD4072E75B2AA00E14B6C /* Monopoly TourTests */,
			);
			name = "Monopoly TourTests";
			packageProductDependencies = (
			);
			productName = "Monopoly TourTests";
			productReference = 35DAD4042E75B2AA00E14B6C /* Monopoly TourTests.xctest */;
			productType = "com.apple.product-type.bundle.unit-test";
		};
		35DAD40D2E75B2AA00E14B6C /* Monopoly TourUITests */ = {
			isa = PBXNativeTarget;
			buildConfigurationList = 35DAD41E2E75B2AA00E14B6C /* Build configuration list for PBXNativeTarget "Monopoly TourUITests" */;
			buildPhases = (
				35DAD40A2E75B2AA00E14B6C /* Sources */,
				35DAD40B2E75B2AA00E14B6C /* Frameworks */,
				35DAD40C2E75B2AA00E14B6C /* Resources */,
			);
			buildRules = (
			);
			dependencies = (
				35DAD4102E75B2AA00E14B6C /* PBXTargetDependency */,
			);
			fileSystemSynchronizedGroups = (
				35DAD4112E75B2AA00E14B6C /* Monopoly TourUITests */,
			);
			name = "Monopoly TourUITests";
			packageProductDependencies = (
			);
			productName = "Monopoly TourUITests";
			productReference = 35DAD40E2E75B2AA00E14B6C /* Monopoly TourUITests.xctest */;
			productType = "com.apple.product-type.bundle.ui-testing";
		};
/* End PBXNativeTarget section */

/* Begin PBXProject section */
		35DAD3EF2E75B2A900E14B6C /* Project object */ = {
			isa = PBXProject;
			attributes = {
				BuildIndependentTargetsInParallel = 1;
				LastSwiftUpdateCheck = 2600;
				LastUpgradeCheck = 2600;
				TargetAttributes = {
					35DAD3F62E75B2A900E14B6C = {
						CreatedOnToolsVersion = 26.0;
					};
					35DAD4032E75B2AA00E14B6C = {
						CreatedOnToolsVersion = 26.0;
						TestTargetID = 35DAD3F62E75B2A900E14B6C;
					};
					35DAD40D2E75B2AA00E14B6C = {
						CreatedOnToolsVersion = 26.0;
						TestTargetID = 35DAD3F62E75B2A900E14B6C;
					};
				};
			};
			buildConfigurationList = 35DAD3F22E75B2A900E14B6C /* Build configuration list for PBXProject "Monopoly Tour" */;
			developmentRegion = en;
			hasScannedForEncodings = 0;
			knownRegions = (
				en,
				Base,
			);
			mainGroup = 35DAD3EE2E75B2A800E14B6C;
			minimizedProjectReferenceProxies = 1;
			preferredProjectObjectVersion = 77;
			productRefGroup = 35DAD3F82E75B2A900E14B6C /* Products */;
			projectDirPath = "";
			projectRoot = "";
			targets = (
				35DAD3F62E75B2A900E14B6C /* Monopoly Tour */,
				35DAD4032E75B2AA00E14B6C /* Monopoly TourTests */,
				35DAD40D2E75B2AA00E14B6C /* Monopoly TourUITests */,
			);
		};
/* End PBXProject section */

/* Begin PBXResourcesBuildPhase section */
		35DAD3F52E75B2A900E14B6C /* Resources */ = {
			isa = PBXResourcesBuildPhase;
			buildActionMask = 2147483647;
			files = (
			);
			runOnlyForDeploymentPostprocessing = 0;
		};
		35DAD4022E75B2AA00E14B6C /* Resources */ = {
			isa = PBXResourcesBuildPhase;
			buildActionMask = 2147483647;
			files = (
			);
			runOnlyForDeploymentPostprocessing = 0;
		};
		35DAD40C2E75B2AA00E14B6C /* Resources */ = {
			isa = PBXResourcesBuildPhase;
			buildActionMask = 2147483647;
			files = (
			);
			runOnlyForDeploymentPostprocessing = 0;
		};
/* End PBXResourcesBuildPhase section */

/* Begin PBXSourcesBuildPhase section */
		35DAD3F32E75B2A900E14B6C /* Sources */ = {
			isa = PBXSourcesBuildPhase;
			buildActionMask = 2147483647;
			files = (
			);
			runOnlyForDeploymentPostprocessing = 0;
		};
		35DAD4002E75B2AA00E14B6C /* Sources */ = {
			isa = PBXSourcesBuildPhase;
			buildActionMask = 2147483647;
			files = (
			);
			runOnlyForDeploymentPostprocessing = 0;
		};
		35DAD40A2E75B2AA00E14B6C /* Sources */ = {
			isa = PBXSourcesBuildPhase;
			buildActionMask = 2147483647;
			files = (
			);
			runOnlyForDeploymentPostprocessing = 0;
		};
/* End PBXSourcesBuildPhase section */

/* Begin PBXTargetDependency section */
		35DAD4062E75B2AA00E14B6C /* PBXTargetDependency */ = {
			isa = PBXTargetDependency;
			target = 35DAD3F62E75B2A900E14B6C /* Monopoly Tour */;
			targetProxy = 35DAD4052E75B2AA00E14B6C /* PBXContainerItemProxy */;
		};
		35DAD4102E75B2AA00E14B6C /* PBXTargetDependency */ = {
			isa = PBXTargetDependency;
			target = 35DAD3F62E75B2A900E14B6C /* Monopoly Tour */;
			targetProxy = 35DAD40F2E75B2AA00E14B6C /* PBXContainerItemProxy */;
		};
/* End PBXTargetDependency section */

/* Begin XCBuildConfiguration section */
		35DAD4162E75B2AA00E14B6C /* Debug */ = {
			isa = XCBuildConfiguration;
			buildSettings = {
				ALWAYS_SEARCH_USER_PATHS = NO;
				ASSETCATALOG_COMPILER_GENERATE_SWIFT_ASSET_SYMBOL_EXTENSIONS = YES;
				CLANG_ANALYZER_NONNULL = YES;
				CLANG_ANALYZER_NUMBER_OBJECT_CONVERSION = YES_AGGRESSIVE;
				CLANG_CXX_LANGUAGE_STANDARD = "gnu++20";
				CLANG_ENABLE_MODULES = YES;
				CLANG_ENABLE_OBJC_ARC = YES;
				CLANG_ENABLE_OBJC_WEAK = YES;
				CLANG_WARN_BLOCK_CAPTURE_AUTORELEASING = YES;
				CLANG_WARN_BOOL_CONVERSION = YES;
				CLANG_WARN_COMMA = YES;
				CLANG_WARN_CONSTANT_CONVERSION = YES;
				CLANG_WARN_DEPRECATED_OBJC_IMPLEMENTATIONS = YES;
				CLANG_WARN_DIRECT_OBJC_ISA_USAGE = YES_ERROR;
				CLANG_WARN_DOCUMENTATION_COMMENTS = YES;
				CLANG_WARN_EMPTY_BODY = YES;
				CLANG_WARN_ENUM_CONVERSION = YES;
				CLANG_WARN_INFINITE_RECURSION = YES;
				CLANG_WARN_INT_CONVERSION = YES;
				CLANG_WARN_NON_LITERAL_NULL_CONVERSION = YES;
				CLANG_WARN_OBJC_IMPLICIT_RETAIN_SELF = YES;
				CLANG_WARN_OBJC_LITERAL_CONVERSION = YES;
				CLANG_WARN_OBJC_ROOT_CLASS = YES_ERROR;
				CLANG_WARN_QUOTED_INCLUDE_IN_FRAMEWORK_HEADER = YES;
				CLANG_WARN_RANGE_LOOP_ANALYSIS = YES;
				CLANG_WARN_STRICT_PROTOTYPES = YES;
				CLANG_WARN_SUSPICIOUS_MOVE = YES;
				CLANG_WARN_UNGUARDED_AVAILABILITY = YES_AGGRESSIVE;
				CLANG_WARN_UNREACHABLE_CODE = YES;
				CLANG_WARN__DUPLICATE_METHOD_MATCH = YES;
				COPY_PHASE_STRIP = NO;
				DEBUG_INFORMATION_FORMAT = dwarf;
				DEVELOPMENT_TEAM = 7VKU7Y56S7;
				ENABLE_STRICT_OBJC_MSGSEND = YES;
				ENABLE_TESTABILITY = YES;
				ENABLE_USER_SCRIPT_SANDBOXING = YES;
				GCC_C_LANGUAGE_STANDARD = gnu17;
				GCC_DYNAMIC_NO_PIC = NO;
				GCC_NO_COMMON_BLOCKS = YES;
				GCC_OPTIMIZATION_LEVEL = 0;
				GCC_PREPROCESSOR_DEFINITIONS = (
					"DEBUG=1",
					"$(inherited)",
				);
				GCC_WARN_64_TO_32_BIT_CONVERSION = YES;
				GCC_WARN_ABOUT_RETURN_TYPE = YES_ERROR;
				GCC_WARN_UNDECLARED_SELECTOR = YES;
				GCC_WARN_UNINITIALIZED_AUTOS = YES_AGGRESSIVE;
				GCC_WARN_UNUSED_FUNCTION = YES;
				GCC_WARN_UNUSED_VARIABLE = YES;
				IPHONEOS_DEPLOYMENT_TARGET = 26.0;
				LOCALIZATION_PREFERS_STRING_CATALOGS = YES;
				MTL_ENABLE_DEBUG_INFO = INCLUDE_SOURCE;
				MTL_FAST_MATH = YES;
				ONLY_ACTIVE_ARCH = YES;
				SDKROOT = iphoneos;
				SWIFT_ACTIVE_COMPILATION_CONDITIONS = "DEBUG $(inherited)";
				SWIFT_OPTIMIZATION_LEVEL = "-Onone";
			};
			name = Debug;
		};
		35DAD4172E75B2AA00E14B6C /* Release */ = {
			isa = XCBuildConfiguration;
			buildSettings = {
				ALWAYS_SEARCH_USER_PATHS = NO;
				ASSETCATALOG_COMPILER_GENERATE_SWIFT_ASSET_SYMBOL_EXTENSIONS = YES;
				CLANG_ANALYZER_NONNULL = YES;
				CLANG_ANALYZER_NUMBER_OBJECT_CONVERSION = YES_AGGRESSIVE;
				CLANG_CXX_LANGUAGE_STANDARD = "gnu++20";
				CLANG_ENABLE_MODULES = YES;
				CLANG_ENABLE_OBJC_ARC = YES;
				CLANG_ENABLE_OBJC_WEAK = YES;
				CLANG_WARN_BLOCK_CAPTURE_AUTORELEASING = YES;
				CLANG_WARN_BOOL_CONVERSION = YES;
				CLANG_WARN_COMMA = YES;
				CLANG_WARN_CONSTANT_CONVERSION = YES;
				CLANG_WARN_DEPRECATED_OBJC_IMPLEMENTATIONS = YES;
				CLANG_WARN_DIRECT_OBJC_ISA_USAGE = YES_ERROR;
				CLANG_WARN_DOCUMENTATION_COMMENTS = YES;
				CLANG_WARN_EMPTY_BODY = YES;
				CLANG_WARN_ENUM_CONVERSION = YES;
				CLANG_WARN_INFINITE_RECURSION = YES;
				CLANG_WARN_INT_CONVERSION = YES;
				CLANG_WARN_NON_LITERAL_NULL_CONVERSION = YES;
				CLANG_WARN_OBJC_IMPLICIT_RETAIN_SELF = YES;
				CLANG_WARN_OBJC_LITERAL_CONVERSION = YES;
				CLANG_WARN_OBJC_ROOT_CLASS = YES_ERROR;
				CLANG_WARN_QUOTED_INCLUDE_IN_FRAMEWORK_HEADER = YES;
				CLANG_WARN_RANGE_LOOP_ANALYSIS = YES;
				CLANG_WARN_STRICT_PROTOTYPES = YES;
				CLANG_WARN_SUSPICIOUS_MOVE = YES;
				CLANG_WARN_UNGUARDED_AVAILABILITY = YES_AGGRESSIVE;
				CLANG_WARN_UNREACHABLE_CODE = YES;
				CLANG_WARN__DUPLICATE_METHOD_MATCH = YES;
				COPY_PHASE_STRIP = NO;
				DEBUG_INFORMATION_FORMAT = "dwarf-with-dsym";
				DEVELOPMENT_TEAM = 7VKU7Y56S7;
				ENABLE_NS_ASSERTIONS = NO;
				ENABLE_STRICT_OBJC_MSGSEND = YES;
				ENABLE_USER_SCRIPT_SANDBOXING = YES;
				GCC_C_LANGUAGE_STANDARD = gnu17;
				GCC_NO_COMMON_BLOCKS = YES;
				GCC_WARN_64_TO_32_BIT_CONVERSION = YES;
				GCC_WARN_ABOUT_RETURN_TYPE = YES_ERROR;
				GCC_WARN_UNDECLARED_SELECTOR = YES;
				GCC_WARN_UNINITIALIZED_AUTOS = YES_AGGRESSIVE;
				GCC_WARN_UNUSED_FUNCTION = YES;
				GCC_WARN_UNUSED_VARIABLE = YES;
				IPHONEOS_DEPLOYMENT_TARGET = 26.0;
				LOCALIZATION_PREFERS_STRING_CATALOGS = YES;
				MTL_ENABLE_DEBUG_INFO = NO;
				MTL_FAST_MATH = YES;
				SDKROOT = iphoneos;
				SWIFT_COMPILATION_MODE = wholemodule;
				VALIDATE_PRODUCT = YES;
			};
			name = Release;
		};
		35DAD4192E75B2AA00E14B6C /* Debug */ = {
			isa = XCBuildConfiguration;
			buildSettings = {
				ASSETCATALOG_COMPILER_APPICON_NAME = AppIcon;
				ASSETCATALOG_COMPILER_GLOBAL_ACCENT_COLOR_NAME = AccentColor;
				CODE_SIGN_STYLE = Automatic;
				CURRENT_PROJECT_VERSION = 1;
				DEVELOPMENT_TEAM = 7VKU7Y56S7;
				ENABLE_PREVIEWS = YES;
				GENERATE_INFOPLIST_FILE = YES;
				INFOPLIST_KEY_UIApplicationSceneManifest_Generation = YES;
				INFOPLIST_KEY_UIApplicationSupportsIndirectInputEvents = YES;
				INFOPLIST_KEY_UILaunchScreen_Generation = YES;
				INFOPLIST_KEY_UISupportedInterfaceOrientations_iPad = "UIInterfaceOrientationPortrait UIInterfaceOrientationPortraitUpsideDown UIInterfaceOrientationLandscapeLeft UIInterfaceOrientationLandscapeRight";
				INFOPLIST_KEY_UISupportedInterfaceOrientations_iPhone = "UIInterfaceOrientationPortrait UIInterfaceOrientationLandscapeLeft UIInterfaceOrientationLandscapeRight";
				LD_RUNPATH_SEARCH_PATHS = (
					"$(inherited)",
					"@executable_path/Frameworks",
				);
				MARKETING_VERSION = 1.0;
				PRODUCT_BUNDLE_IDENTIFIER = "Kassim.Monopoly-Tour";
				PRODUCT_NAME = "$(TARGET_NAME)";
				STRING_CATALOG_GENERATE_SYMBOLS = YES;
				SWIFT_DEFAULT_ACTOR_ISOLATION = MainActor;
				SWIFT_EMIT_LOC_STRINGS = YES;
				SWIFT_UPCOMING_FEATURE_MEMBER_IMPORT_VISIBILITY = YES;
				SWIFT_VERSION = 5.0;
				TARGETED_DEVICE_FAMILY = "1,2";
			};
			name = Debug;
		};
		35DAD41A2E75B2AA00E14B6C /* Release */ = {
			isa = XCBuildConfiguration;
			buildSettings = {
				ASSETCATALOG_COMPILER_APPICON_NAME = AppIcon;
				ASSETCATALOG_COMPILER_GLOBAL_ACCENT_COLOR_NAME = AccentColor;
				CODE_SIGN_STYLE = Automatic;
				CURRENT_PROJECT_VERSION = 1;
				DEVELOPMENT_TEAM = 7VKU7Y56S7;
				ENABLE_PREVIEWS = YES;
				GENERATE_INFOPLIST_FILE = YES;
				INFOPLIST_KEY_UIApplicationSceneManifest_Generation = YES;
				INFOPLIST_KEY_UIApplicationSupportsIndirectInputEvents = YES;
				INFOPLIST_KEY_UILaunchScreen_Generation = YES;
				INFOPLIST_KEY_UISupportedInterfaceOrientations_iPad = "UIInterfaceOrientationPortrait UIInterfaceOrientationPortraitUpsideDown UIInterfaceOrientationLandscapeLeft UIInterfaceOrientationLandscapeRight";
				INFOPLIST_KEY_UISupportedInterfaceOrientations_iPhone = "UIInterfaceOrientationPortrait UIInterfaceOrientationLandscapeLeft UIInterfaceOrientationLandscapeRight";
				LD_RUNPATH_SEARCH_PATHS = (
					"$(inherited)",
					"@executable_path/Frameworks",
				);
				MARKETING_VERSION = 1.0;
				PRODUCT_BUNDLE_IDENTIFIER = "Kassim.Monopoly-Tour";
				PRODUCT_NAME = "$(TARGET_NAME)";
				STRING_CATALOG_GENERATE_SYMBOLS = YES;
				SWIFT_DEFAULT_ACTOR_ISOLATION = MainActor;
				SWIFT_EMIT_LOC_STRINGS = YES;
				SWIFT_UPCOMING_FEATURE_MEMBER_IMPORT_VISIBILITY = YES;
				SWIFT_VERSION = 5.0;
				TARGETED_DEVICE_FAMILY = "1,2";
			};
			name = Release;
		};
		35DAD41C2E75B2AA00E14B6C /* Debug */ = {
			isa = XCBuildConfiguration;
			buildSettings = {
				BUNDLE_LOADER = "$(TEST_HOST)";
				CODE_SIGN_STYLE = Automatic;
				CURRENT_PROJECT_VERSION = 1;
				DEVELOPMENT_TEAM = 7VKU7Y56S7;
				GENERATE_INFOPLIST_FILE = YES;
				IPHONEOS_DEPLOYMENT_TARGET = 26.0;
				MARKETING_VERSION = 1.0;
				PRODUCT_BUNDLE_IDENTIFIER = "Kassim.Monopoly-TourTests";
				PRODUCT_NAME = "$(TARGET_NAME)";
				STRING_CATALOG_GENERATE_SYMBOLS = NO;
				SWIFT_EMIT_LOC_STRINGS = NO;
				SWIFT_UPCOMING_FEATURE_MEMBER_IMPORT_VISIBILITY = YES;
				SWIFT_VERSION = 5.0;
				TARGETED_DEVICE_FAMILY = "1,2";
				TEST_HOST = "$(BUILT_PRODUCTS_DIR)/Monopoly Tour.app/$(BUNDLE_EXECUTABLE_FOLDER_PATH)/Monopoly Tour";
			};
			name = Debug;
		};
		35DAD41D2E75B2AA00E14B6C /* Release */ = {
			isa = XCBuildConfiguration;
			buildSettings = {
				BUNDLE_LOADER = "$(TEST_HOST)";
				CODE_SIGN_STYLE = Automatic;
				CURRENT_PROJECT_VERSION = 1;
				DEVELOPMENT_TEAM = 7VKU7Y56S7;
				GENERATE_INFOPLIST_FILE = YES;
				IPHONEOS_DEPLOYMENT_TARGET = 26.0;
				MARKETING_VERSION = 1.0;
				PRODUCT_BUNDLE_IDENTIFIER = "Kassim.Monopoly-TourTests";
				PRODUCT_NAME = "$(TARGET_NAME)";
				STRING_CATALOG_GENERATE_SYMBOLS = NO;
				SWIFT_EMIT_LOC_STRINGS = NO;
				SWIFT_UPCOMING_FEATURE_MEMBER_IMPORT_VISIBILITY = YES;
				SWIFT_VERSION = 5.0;
				TARGETED_DEVICE_FAMILY = "1,2";
				TEST_HOST = "$(BUILT_PRODUCTS_DIR)/Monopoly Tour.app/$(BUNDLE_EXECUTABLE_FOLDER_PATH)/Monopoly Tour";
			};
			name = Release;
		};
		35DAD41F2E75B2AA00E14B6C /* Debug */ = {
			isa = XCBuildConfiguration;
			buildSettings = {
				CODE_SIGN_STYLE = Automatic;
				CURRENT_PROJECT_VERSION = 1;
				DEVELOPMENT_TEAM = 7VKU7Y56S7;
				GENERATE_INFOPLIST_FILE = YES;
				MARKETING_VERSION = 1.0;
				PRODUCT_BUNDLE_IDENTIFIER = "Kassim.Monopoly-TourUITests";
				PRODUCT_NAME = "$(TARGET_NAME)";
				STRING_CATALOG_GENERATE_SYMBOLS = NO;
				SWIFT_EMIT_LOC_STRINGS = NO;
				SWIFT_UPCOMING_FEATURE_MEMBER_IMPORT_VISIBILITY = YES;
				SWIFT_VERSION = 5.0;
				TARGETED_DEVICE_FAMILY = "1,2";
				TEST_TARGET_NAME = "Monopoly Tour";
			};
			name = Debug;
		};
		35DAD4202E75B2AA00E14B6C /* Release */ = {
			isa = XCBuildConfiguration;
			buildSettings = {
				CODE_SIGN_STYLE = Automatic;
				CURRENT_PROJECT_VERSION = 1;
				DEVELOPMENT_TEAM = 7VKU7Y56S7;
				GENERATE_INFOPLIST_FILE = YES;
				MARKETING_VERSION = 1.0;
				PRODUCT_BUNDLE_IDENTIFIER = "Kassim.Monopoly-TourUITests";
				PRODUCT_NAME = "$(TARGET_NAME)";
				STRING_CATALOG_GENERATE_SYMBOLS = NO;
				SWIFT_EMIT_LOC_STRINGS = NO;
				SWIFT_UPCOMING_FEATURE_MEMBER_IMPORT_VISIBILITY = YES;
				SWIFT_VERSION = 5.0;
				TARGETED_DEVICE_FAMILY = "1,2";
				TEST_TARGET_NAME = "Monopoly Tour";
			};
			name = Release;
		};
/* End XCBuildConfiguration section */

/* Begin XCConfigurationList section */
		35DAD3F22E75B2A900E14B6C /* Build configuration list for PBXProject "Monopoly Tour" */ = {
			isa = XCConfigurationList;
			buildConfigurations = (
				35DAD4162E75B2AA00E14B6C /* Debug */,
				35DAD4172E75B2AA00E14B6C /* Release */,
			);
			defaultConfigurationIsVisible = 0;
			defaultConfigurationName = Release;
		};
		35DAD4182E75B2AA00E14B6C /* Build configuration list for PBXNativeTarget "Monopoly Tour" */ = {
			isa = XCConfigurationList;
			buildConfigurations = (
				35DAD4192E75B2AA00E14B6C /* Debug */,
				35DAD41A2E75B2AA00E14B6C /* Release */,
			);
			defaultConfigurationIsVisible = 0;
			defaultConfigurationName = Release;
		};
		35DAD41B2E75B2AA00E14B6C /* Build configuration list for PBXNativeTarget "Monopoly TourTests" */ = {
			isa = XCConfigurationList;
			buildConfigurations = (
				35DAD41C2E75B2AA00E14B6C /* Debug */,
				35DAD41D2E75B2AA00E14B6C /* Release */,
			);
			defaultConfigurationIsVisible = 0;
			defaultConfigurationName = Release;
		};
		35DAD41E2E75B2AA00E14B6C /* Build configuration list for PBXNativeTarget "Monopoly TourUITests" */ = {
			isa = XCConfigurationList;
			buildConfigurations = (
				35DAD41F2E75B2AA00E14B6C /* Debug */,
				35DAD4202E75B2AA00E14B6C /* Release */,
			);
			defaultConfigurationIsVisible = 0;
			defaultConfigurationName = Release;
		};
/* End XCConfigurationList section */
	};
	rootObject = 35DAD3EF2E75B2A900E14B6C /* Project object */;
}
